
Microsoft Visual Studio Solution File, Format Version 11.00
# Visual Studio 2010
Project("{8BC9CEB8-8B4A-11D0-8D11-00A0C91BC942}") = "Microbenchmakrs", "Microbenchmakrs\Microbenchmakrs.vcxproj", "{CBDB4236-8298-4290-8630-37A6A5816A0F}"
EndProject
Global
	GlobalSection(SolutionConfigurationPlatforms) = preSolution
		Debug|Win32 = Debug|Win32
		Release|Win32 = Release|Win32
	EndGlobalSection
	GlobalSection(ProjectConfigurationPlatforms) = postSolution
		{CBDB4236-8298-4290-8630-37A6A5816A0F}.Debug|Win32.ActiveCfg = Debug|Win32
		{CBDB4236-8298-4290-8630-37A6A5816A0F}.Debug|Win32.Build.0 = Debug|Win32
		{CBDB4236-8298-4290-8630-37A6A5816A0F}.Release|Win32.ActiveCfg = Release|Win32
		{CBDB4236-8298-4290-8630-37A6A5816A0F}.Release|Win32.Build.0 = Release|Win32
	EndGlobalSection
	GlobalSection(SolutionProperties) = preSolution
		HideSolutionNode = FALSE
	EndGlobalSection
EndGlobal
