
Microsoft Visual Studio Solution File, Format Version 12.00
# Visual Studio 2013
VisualStudioVersion = 12.0.21005.1
MinimumVisualStudioVersion = 10.0.40219.1
Project("{8BC9CEB8-8B4A-11D0-8D11-00A0C91BC942}") = "ppe", "ppe\ppe.vcxproj", "{A7FAC70F-0C9B-4EC2-9BCF-4FD4E404904B}"
EndProject
Global
	GlobalSection(SolutionConfigurationPlatforms) = preSolution
		Debug|Win32 = Debug|Win32
		Release|Win32 = Release|Win32
	EndGlobalSection
	GlobalSection(ProjectConfigurationPlatforms) = postSolution
		{A7FAC70F-0C9B-4EC2-9BCF-4FD4E404904B}.Debug|Win32.ActiveCfg = Debug|Win32
		{A7FAC70F-0C9B-4EC2-9BCF-4FD4E404904B}.Debug|Win32.Build.0 = Debug|Win32
		{A7FAC70F-0C9B-4EC2-9BCF-4FD4E404904B}.Release|Win32.ActiveCfg = Release|Win32
		{A7FAC70F-0C9B-4EC2-9BCF-4FD4E404904B}.Release|Win32.Build.0 = Release|Win32
	EndGlobalSection
	GlobalSection(SolutionProperties) = preSolution
		HideSolutionNode = FALSE
	EndGlobalSection
EndGlobal
